{
  "name": "realtime",
  "version": "0.0.1",
  "lockfileVersion": 1,
  "requires": true,
  "dependencies": {
    "@alexeimyshkouski/pubsub": {
      "version": "0.0.1",
      "resolved": "https://registry.npmjs.org/@alexeimyshkouski/pubsub/-/pubsub-0.0.1.tgz",
      "integrity": "sha512-aupvf8Wlbk/jWE/k2c0AtRHRVPC2cEMi5pdmG/YjLXJ5gNW3batUIlYWW23ebDyecp/XRPnAdRIKlxz5bz+7yg=="
    },
    "@alexeimyshkouski/realtime-router": {
      "version": "0.0.1",
      "resolved": "https://registry.npmjs.org/@alexeimyshkouski/realtime-router/-/realtime-router-0.0.1.tgz",
      "integrity": "sha512-psoJPDY8YBhR8OWMwlH8tMYLqfMGXO0+iAclzXqnd+RX6h2NhuQ5J1VjfSCUIfAaWaihghIi+utABP4f0ajbQA==",
      "requires": {
        "debug": "^4.0.1",
        "koa-compose": "^4.1.0",
        "path-to-regexp": "^2.4.0"
      }
    },
    "@alexeimyshkouski/realtime-server": {
      "version": "0.0.1",
      "resolved": "https://registry.npmjs.org/@alexeimyshkouski/realtime-server/-/realtime-server-0.0.1.tgz",
      "integrity": "sha512-Y+OuaKJg1u6xkp+RdkkTSCA9pHpM1B95+mSJ8WWUoPWdZvXffqXYksNmKqPcpe07AVwhEWhYwP0YX1lfQKKYDQ==",
      "requires": {
        "debug": "^4.0.1"
      }
    },
    "debug": {
      "version": "4.0.1",
      "resolved": "https://registry.npmjs.org/debug/-/debug-4.0.1.tgz",
      "integrity": "sha512-K23FHJ/Mt404FSlp6gSZCevIbTMLX0j3fmHhUEhQ3Wq0FMODW3+cUSoLdy1Gx4polAf4t/lphhmHH35BB8cLYw==",
      "requires": {
        "ms": "^2.1.1"
      }
    },
    "koa-compose": {
      "version": "4.1.0",
      "resolved": "https://registry.npmjs.org/koa-compose/-/koa-compose-4.1.0.tgz",
      "integrity": "sha512-8ODW8TrDuMYvXRwra/Kh7/rJo9BtOfPc6qO8eAfC80CnCvSjSl0bkRM24X6/XBBEyj0v1nRUQ1LyOy3dbqOWXw=="
    },
    "ms": {
      "version": "2.1.1",
      "resolved": "https://registry.npmjs.org/ms/-/ms-2.1.1.tgz",
      "integrity": "sha512-tgp+dl5cGk28utYktBsrFqA7HKgrhgPsg6Z/EfhWI4gl1Hwq8B/GmY/0oXZ6nF8hDVesS/FpnYaD/kOWhYQvyg=="
    },
    "path-to-regexp": {
      "version": "2.4.0",
      "resolved": "https://registry.npmjs.org/path-to-regexp/-/path-to-regexp-2.4.0.tgz",
      "integrity": "sha512-G6zHoVqC6GGTQkZwF4lkuEyMbVOjoBKAEybQUypI1WTkqinCOrq2x6U2+phkJ1XsEMTy4LjtwPI7HW+NVrRR2w=="
    }
  }
}
